// !$*UTF8*$!
{
	archiveVersion = 1;
	classes = {
	};
	objectVersion = 48;
	objects = {

/* Begin PBXBuildFile section */
		146123654CDD085472E2F09A /* Pods_test.framework in Frameworks */ = {isa = PBXBuildFile; fileRef = A77AB75E97F4827C45A2D88C /* Pods_test.framework */; };
		C78C6AE71F8CBD96007747AA /* ChkUser.swift in Sources */ = {isa = PBXBuildFile; fileRef = C78C6AE61F8CBD96007747AA /* ChkUser.swift */; };
		C7CAFFBE1F8C1A5B0010165F /* AppDelegate.swift in Sources */ = {isa = PBXBuildFile; fileRef = C7CAFFBD1F8C1A5B0010165F /* AppDelegate.swift */; };
		C7CAFFC01F8C1A5B0010165F /* ViewController.swift in Sources */ = {isa = PBXBuildFile; fileRef = C7CAFFBF1F8C1A5B0010165F /* ViewController.swift */; };
		C7CAFFC31F8C1A5B0010165F /* Main.storyboard in Resources */ = {isa = PBXBuildFile; fileRef = C7CAFFC11F8C1A5B0010165F /* Main.storyboard */; };
		C7CAFFC51F8C1A5B0010165F /* Assets.xcassets in Resources */ = {isa = PBXBuildFile; fileRef = C7CAFFC41F8C1A5B0010165F /* Assets.xcassets */; };
		C7CAFFC81F8C1A5B0010165F /* LaunchScreen.storyboard in Resources */ = {isa = PBXBuildFile; fileRef = C7CAFFC61F8C1A5B0010165F /* LaunchScreen.storyboard */; };
		C7CAFFD31F8C216A0010165F /* LoginViewController.swift in Sources */ = {isa = PBXBuildFile; fileRef = C7CAFFD21F8C216A0010165F /* LoginViewController.swift */; };
/* End PBXBuildFile section */

/* Begin PBXFileReference section */
		3FEB792DBA2291A5B3B7D00B /* Pods-test.debug.xcconfig */ = {isa = PBXFileReference; includeInIndex = 1; lastKnownFileType = text.xcconfig; name = "Pods-test.debug.xcconfig"; path = "Pods/Target Support Files/Pods-test/Pods-test.debug.xcconfig"; sourceTree = "<group>"; };
		6198E43977ECEFCC3FD63932 /* Pods-test.release.xcconfig */ = {isa = PBXFileReference; includeInIndex = 1; lastKnownFileType = text.xcconfig; name = "Pods-test.release.xcconfig"; path = "Pods/Target Support Files/Pods-test/Pods-test.release.xcconfig"; sourceTree = "<group>"; };
		A77AB75E97F4827C45A2D88C /* Pods_test.framework */ = {isa = PBXFileReference; explicitFileType = wrapper.framework; includeInIndex = 0; path = Pods_test.framework; sourceTree = BUILT_PRODUCTS_DIR; };
		C78C6AE61F8CBD96007747AA /* ChkUser.swift */ = {isa = PBXFileReference; lastKnownFileType = sourcecode.swift; path = ChkUser.swift; sourceTree = "<group>"; };
		C7CAFFBA1F8C1A5B0010165F /* test.app */ = {isa = PBXFileReference; explicitFileType = wrapper.application; includeInIndex = 0; path = test.app; sourceTree = BUILT_PRODUCTS_DIR; };
		C7CAFFBD1F8C1A5B0010165F /* AppDelegate.swift */ = {isa = PBXFileReference; lastKnownFileType = sourcecode.swift; path = AppDelegate.swift; sourceTree = "<group>"; };
		C7CAFFBF1F8C1A5B0010165F /* ViewController.swift */ = {isa = PBXFileReference; lastKnownFileType = sourcecode.swift; path = ViewController.swift; sourceTree = "<group>"; };
		C7CAFFC21F8C1A5B0010165F /* Base */ = {isa = PBXFileReference; lastKnownFileType = file.storyboard; name = Base; path = Base.lproj/Main.storyboard; sourceTree = "<group>"; };
		C7CAFFC41F8C1A5B0010165F /* Assets.xcassets */ = {isa = PBXFileReference; lastKnownFileType = folder.assetcatalog; path = Assets.xcassets; sourceTree = "<group>"; };
		C7CAFFC71F8C1A5B0010165F /* Base */ = {isa = PBXFileReference; lastKnownFileType = file.storyboard; name = Base; path = Base.lproj/LaunchScreen.storyboard; sourceTree = "<group>"; };
		C7CAFFC91F8C1A5B0010165F /* Info.plist */ = {isa = PBXFileReference; lastKnownFileType = text.plist.xml; path = Info.plist; sourceTree = "<group>"; };
		C7CAFFD21F8C216A0010165F /* LoginViewController.swift */ = {isa = PBXFileReference; lastKnownFileType = sourcecode.swift; path = LoginViewController.swift; sourceTree = "<group>"; };
/* End PBXFileReference section */

/* Begin PBXFrameworksBuildPhase section */
		C7CAFFB71F8C1A5B0010165F /* Frameworks */ = {
			isa = PBXFrameworksBuildPhase;
			buildActionMask = 2147483647;
			files = (
				146123654CDD085472E2F09A /* Pods_test.framework in Frameworks */,
			);
			runOnlyForDeploymentPostprocessing = 0;
		};
/* End PBXFrameworksBuildPhase section */

/* Begin PBXGroup section */
		20738B7A8402E514B14793E0 /* Pods */ = {
			isa = PBXGroup;
			children = (
				3FEB792DBA2291A5B3B7D00B /* Pods-test.debug.xcconfig */,
				6198E43977ECEFCC3FD63932 /* Pods-test.release.xcconfig */,
			);
			name = Pods;
			sourceTree = "<group>";
		};
		C7CAFFB11F8C1A5B0010165F = {
			isa = PBXGroup;
			children = (
				C7CAFFBC1F8C1A5B0010165F /* test */,
				C7CAFFBB1F8C1A5B0010165F /* Products */,
				20738B7A8402E514B14793E0 /* Pods */,
				F210B9BDD7493B60937794F8 /* Frameworks */,
			);
			sourceTree = "<group>";
		};
		C7CAFFBB1F8C1A5B0010165F /* Products */ = {
			isa = PBXGroup;
			children = (
				C7CAFFBA1F8C1A5B0010165F /* test.app */,
			);
			name = Products;
			sourceTree = "<group>";
		};
		C7CAFFBC1F8C1A5B0010165F /* test */ = {
			isa = PBXGroup;
			children = (
				C7CAFFD11F8C20DD0010165F /* Controllers */,
				C7CAFFD01F8C20D40010165F /* Models */,
				C7CAFFCF1F8C20CA0010165F /* Views */,
				C7CAFFBD1F8C1A5B0010165F /* AppDelegate.swift */,
				C7CAFFC41F8C1A5B0010165F /* Assets.xcassets */,
				C7CAFFC91F8C1A5B0010165F /* Info.plist */,
			);
			path = test;
			sourceTree = "<group>";
		};
		C7CAFFCF1F8C20CA0010165F /* Views */ = {
			isa = PBXGroup;
			children = (
				C7CAFFC11F8C1A5B0010165F /* Main.storyboard */,
				C7CAFFC61F8C1A5B0010165F /* LaunchScreen.storyboard */,
			);
			path = Views;
			sourceTree = "<group>";
		};
		C7CAFFD01F8C20D40010165F /* Models */ = {
			isa = PBXGroup;
			children = (
				C78C6AE61F8CBD96007747AA /* ChkUser.swift */,
			);
			path = Models;
			sourceTree = "<group>";
		};
		C7CAFFD11F8C20DD0010165F /* Controllers */ = {
			isa = PBXGroup;
			children = (
				C7CAFFBF1F8C1A5B0010165F /* ViewController.swift */,
				C7CAFFD21F8C216A0010165F /* LoginViewController.swift */,
			);
			path = Controllers;
			sourceTree = "<group>";
		};
		F210B9BDD7493B60937794F8 /* Frameworks */ = {
			isa = PBXGroup;
			children = (
				A77AB75E97F4827C45A2D88C /* Pods_test.framework */,
			);
			name = Frameworks;
			sourceTree = "<group>";
		};
/* End PBXGroup section */

/* Begin PBXNativeTarget section */
		C7CAFFB91F8C1A5B0010165F /* test */ = {
			isa = PBXNativeTarget;
			buildConfigurationList = C7CAFFCC1F8C1A5B0010165F /* Build configuration list for PBXNativeTarget "test" */;
			buildPhases = (
				A7D099BEDB855E544A2CC166 /* [CP] Check Pods Manifest.lock */,
				C7CAFFB61F8C1A5B0010165F /* Sources */,
				C7CAFFB71F8C1A5B0010165F /* Frameworks */,
				C7CAFFB81F8C1A5B0010165F /* Resources */,
				25A74FDAF0E2A12CB713044F /* [CP] Embed Pods Frameworks */,
				9CEFC9F0BD8E8BE1966C596A /* [CP] Copy Pods Resources */,
			);
			buildRules = (
			);
			dependencies = (
			);
			name = test;
			productName = test;
			productReference = C7CAFFBA1F8C1A5B0010165F /* test.app */;
			productType = "com.apple.product-type.application";
		};
/* End PBXNativeTarget section */

/* Begin PBXProject section */
		C7CAFFB21F8C1A5B0010165F /* Project object */ = {
			isa = PBXProject;
			attributes = {
				LastSwiftUpdateCheck = 0910;
				LastUpgradeCheck = 0910;
				ORGANIZATIONNAME = "Володимир";
				TargetAttributes = {
					C7CAFFB91F8C1A5B0010165F = {
						CreatedOnToolsVersion = 9.1;
						ProvisioningStyle = Automatic;
					};
				};
			};
			buildConfigurationList = C7CAFFB51F8C1A5B0010165F /* Build configuration list for PBXProject "test" */;
			compatibilityVersion = "Xcode 8.0";
			developmentRegion = en;
			hasScannedForEncodings = 0;
			knownRegions = (
				en,
				Base,
			);
			mainGroup = C7CAFFB11F8C1A5B0010165F;
			productRefGroup = C7CAFFBB1F8C1A5B0010165F /* Products */;
			projectDirPath = "";
			projectRoot = "";
			targets = (
				C7CAFFB91F8C1A5B0010165F /* test */,
			);
		};
/* End PBXProject section */

/* Begin PBXResourcesBuildPhase section */
		C7CAFFB81F8C1A5B0010165F /* Resources */ = {
			isa = PBXResourcesBuildPhase;
			buildActionMask = 2147483647;
			files = (
				C7CAFFC81F8C1A5B0010165F /* LaunchScreen.storyboard in Resources */,
				C7CAFFC51F8C1A5B0010165F /* Assets.xcassets in Resources */,
				C7CAFFC31F8C1A5B0010165F /* Main.storyboard in Resources */,
			);
			runOnlyForDeploymentPostprocessing = 0;
		};
/* End PBXResourcesBuildPhase section */

/* Begin PBXShellScriptBuildPhase section */
		25A74FDAF0E2A12CB713044F /* [CP] Embed Pods Frameworks */ = {
			isa = PBXShellScriptBuildPhase;
			buildActionMask = 2147483647;
			files = (
			);
			inputPaths = (
				"${SRCROOT}/Pods/Target Support Files/Pods-test/Pods-test-frameworks.sh",
				"${BUILT_PRODUCTS_DIR}/Alamofire/Alamofire.framework",
			);
			name = "[CP] Embed Pods Frameworks";
			outputPaths = (
				"${TARGET_BUILD_DIR}/${FRAMEWORKS_FOLDER_PATH}/Alamofire.framework",
			);
			runOnlyForDeploymentPostprocessing = 0;
			shellPath = /bin/sh;
			shellScript = "\"${SRCROOT}/Pods/Target Support Files/Pods-test/Pods-test-frameworks.sh\"\n";
			showEnvVarsInLog = 0;
		};
		9CEFC9F0BD8E8BE1966C596A /* [CP] Copy Pods Resources */ = {
			isa = PBXShellScriptBuildPhase;
			buildActionMask = 2147483647;
			files = (
			);
			inputPaths = (
			);
			name = "[CP] Copy Pods Resources";
			outputPaths = (
			);
			runOnlyForDeploymentPostprocessing = 0;
			shellPath = /bin/sh;
			shellScript = "\"${SRCROOT}/Pods/Target Support Files/Pods-test/Pods-test-resources.sh\"\n";
			showEnvVarsInLog = 0;
		};
		A7D099BEDB855E544A2CC166 /* [CP] Check Pods Manifest.lock */ = {
			isa = PBXShellScriptBuildPhase;
			buildActionMask = 2147483647;
			files = (
			);
			inputPaths = (
				"${PODS_PODFILE_DIR_PATH}/Podfile.lock",
				"${PODS_ROOT}/Manifest.lock",
			);
			name = "[CP] Check Pods Manifest.lock";
			outputPaths = (
				"$(DERIVED_FILE_DIR)/Pods-test-checkManifestLockResult.txt",
			);
			runOnlyForDeploymentPostprocessing = 0;
			shellPath = /bin/sh;
			shellScript = "diff \"${PODS_PODFILE_DIR_PATH}/Podfile.lock\" \"${PODS_ROOT}/Manifest.lock\" > /dev/null\nif [ $? != 0 ] ; then\n    # print error to STDERR\n    echo \"error: The sandbox is not in sync with the Podfile.lock. Run 'pod install' or update your CocoaPods installation.\" >&2\n    exit 1\nfi\n# This output is used by Xcode 'outputs' to avoid re-running this script phase.\necho \"SUCCESS\" > \"${SCRIPT_OUTPUT_FILE_0}\"\n";
			showEnvVarsInLog = 0;
		};
/* End PBXShellScriptBuildPhase section */

/* Begin PBXSourcesBuildPhase section */
		C7CAFFB61F8C1A5B0010165F /* Sources */ = {
			isa = PBXSourcesBuildPhase;
			buildActionMask = 2147483647;
			files = (
				C7CAFFD31F8C216A0010165F /* LoginViewController.swift in Sources */,
				C78C6AE71F8CBD96007747AA /* ChkUser.swift in Sources */,
				C7CAFFC01F8C1A5B0010165F /* ViewController.swift in Sources */,
				C7CAFFBE1F8C1A5B0010165F /* AppDelegate.swift in Sources */,
			);
			runOnlyForDeploymentPostprocessing = 0;
		};
/* End PBXSourcesBuildPhase section */

/* Begin PBXVariantGroup section */
		C7CAFFC11F8C1A5B0010165F /* Main.storyboard */ = {
			isa = PBXVariantGroup;
			children = (
				C7CAFFC21F8C1A5B0010165F /* Base */,
			);
			name = Main.storyboard;
			sourceTree = "<group>";
		};
		C7CAFFC61F8C1A5B0010165F /* LaunchScreen.storyboard */ = {
			isa = PBXVariantGroup;
			children = (
				C7CAFFC71F8C1A5B0010165F /* Base */,
			);
			name = LaunchScreen.storyboard;
			sourceTree = "<group>";
		};
/* End PBXVariantGroup section */

/* Begin XCBuildConfiguration section */
		C7CAFFCA1F8C1A5B0010165F /* Debug */ = {
			isa = XCBuildConfiguration;
			buildSettings = {
				ALWAYS_SEARCH_USER_PATHS = NO;
				CLANG_ANALYZER_NONNULL = YES;
				CLANG_ANALYZER_NUMBER_OBJECT_CONVERSION = YES_AGGRESSIVE;
				CLANG_CXX_LANGUAGE_STANDARD = "gnu++14";
				CLANG_CXX_LIBRARY = "libc++";
				CLANG_ENABLE_MODULES = YES;
				CLANG_ENABLE_OBJC_ARC = YES;
				CLANG_WARN_BLOCK_CAPTURE_AUTORELEASING = YES;
				CLANG_WARN_BOOL_CONVERSION = YES;
				CLANG_WARN_COMMA = YES;
				CLANG_WARN_CONSTANT_CONVERSION = YES;
				CLANG_WARN_DIRECT_OBJC_ISA_USAGE = YES_ERROR;
				CLANG_WARN_DOCUMENTATION_COMMENTS = YES;
				CLANG_WARN_EMPTY_BODY = YES;
				CLANG_WARN_ENUM_CONVERSION = YES;
				CLANG_WARN_INFINITE_RECURSION = YES;
				CLANG_WARN_INT_CONVERSION = YES;
				CLANG_WARN_NON_LITERAL_NULL_CONVERSION = YES;
				CLANG_WARN_OBJC_LITERAL_CONVERSION = YES;
				CLANG_WARN_OBJC_ROOT_CLASS = YES_ERROR;
				CLANG_WARN_RANGE_LOOP_ANALYSIS = YES;
				CLANG_WARN_STRICT_PROTOTYPES = YES;
				CLANG_WARN_SUSPICIOUS_MOVE = YES;
				CLANG_WARN_UNGUARDED_AVAILABILITY = YES_AGGRESSIVE;
				CLANG_WARN_UNREACHABLE_CODE = YES;
				CLANG_WARN__DUPLICATE_METHOD_MATCH = YES;
				CODE_SIGN_IDENTITY = "iPhone Developer";
				COPY_PHASE_STRIP = NO;
				DEBUG_INFORMATION_FORMAT = dwarf;
				ENABLE_STRICT_OBJC_MSGSEND = YES;
				ENABLE_TESTABILITY = YES;
				GCC_C_LANGUAGE_STANDARD = gnu11;
				GCC_DYNAMIC_NO_PIC = NO;
				GCC_NO_COMMON_BLOCKS = YES;
				GCC_OPTIMIZATION_LEVEL = 0;
				GCC_PREPROCESSOR_DEFINITIONS = (
					"DEBUG=1",
					"$(inherited)",
				);
				GCC_WARN_64_TO_32_BIT_CONVERSION = YES;
				GCC_WARN_ABOUT_RETURN_TYPE = YES_ERROR;
				GCC_WARN_UNDECLARED_SELECTOR = YES;
				GCC_WARN_UNINITIALIZED_AUTOS = YES_AGGRESSIVE;
				GCC_WARN_UNUSED_FUNCTION = YES;
				GCC_WARN_UNUSED_VARIABLE = YES;
				IPHONEOS_DEPLOYMENT_TARGET = 11.1;
				MTL_ENABLE_DEBUG_INFO = YES;
				ONLY_ACTIVE_ARCH = YES;
				SDKROOT = iphoneos;
				SWIFT_ACTIVE_COMPILATION_CONDITIONS = DEBUG;
				SWIFT_OPTIMIZATION_LEVEL = "-Onone";
			};
			name = Debug;
		};
		C7CAFFCB1F8C1A5B0010165F /* Release */ = {
			isa = XCBuildConfiguration;
			buildSettings = {
				ALWAYS_SEARCH_USER_PATHS = NO;
				CLANG_ANALYZER_NONNULL = YES;
				CLANG_ANALYZER_NUMBER_OBJECT_CONVERSION = YES_AGGRESSIVE;
				CLANG_CXX_LANGUAGE_STANDARD = "gnu++14";
				CLANG_CXX_LIBRARY = "libc++";
				CLANG_ENABLE_MODULES = YES;
				CLANG_ENABLE_OBJC_ARC = YES;
				CLANG_WARN_BLOCK_CAPTURE_AUTORELEASING = YES;
				CLANG_WARN_BOOL_CONVERSION = YES;
				CLANG_WARN_COMMA = YES;
				CLANG_WARN_CONSTANT_CONVERSION = YES;
				CLANG_WARN_DIRECT_OBJC_ISA_USAGE = YES_ERROR;
				CLANG_WARN_DOCUMENTATION_COMMENTS = YES;
				CLANG_WARN_EMPTY_BODY = YES;
				CLANG_WARN_ENUM_CONVERSION = YES;
				CLANG_WARN_INFINITE_RECURSION = YES;
				CLANG_WARN_INT_CONVERSION = YES;
				CLANG_WARN_NON_LITERAL_NULL_CONVERSION = YES;
				CLANG_WARN_OBJC_LITERAL_CONVERSION = YES;
				CLANG_WARN_OBJC_ROOT_CLASS = YES_ERROR;
				CLANG_WARN_RANGE_LOOP_ANALYSIS = YES;
				CLANG_WARN_STRICT_PROTOTYPES = YES;
				CLANG_WARN_SUSPICIOUS_MOVE = YES;
				CLANG_WARN_UNGUARDED_AVAILABILITY = YES_AGGRESSIVE;
				CLANG_WARN_UNREACHABLE_CODE = YES;
				CLANG_WARN__DUPLICATE_METHOD_MATCH = YES;
				CODE_SIGN_IDENTITY = "iPhone Developer";
				COPY_PHASE_STRIP = NO;
				DEBUG_INFORMATION_FORMAT = "dwarf-with-dsym";
				ENABLE_NS_ASSERTIONS = NO;
				ENABLE_STRICT_OBJC_MSGSEND = YES;
				GCC_C_LANGUAGE_STANDARD = gnu11;
				GCC_NO_COMMON_BLOCKS = YES;
				GCC_WARN_64_TO_32_BIT_CONVERSION = YES;
				GCC_WARN_ABOUT_RETURN_TYPE = YES_ERROR;
				GCC_WARN_UNDECLARED_SELECTOR = YES;
				GCC_WARN_UNINITIALIZED_AUTOS = YES_AGGRESSIVE;
				GCC_WARN_UNUSED_FUNCTION = YES;
				GCC_WARN_UNUSED_VARIABLE = YES;
				IPHONEOS_DEPLOYMENT_TARGET = 11.1;
				MTL_ENABLE_DEBUG_INFO = NO;
				SDKROOT = iphoneos;
				SWIFT_OPTIMIZATION_LEVEL = "-Owholemodule";
				VALIDATE_PRODUCT = YES;
			};
			name = Release;
		};
		C7CAFFCD1F8C1A5B0010165F /* Debug */ = {
			isa = XCBuildConfiguration;
			baseConfigurationReference = 3FEB792DBA2291A5B3B7D00B /* Pods-test.debug.xcconfig */;
			buildSettings = {
				ASSETCATALOG_COMPILER_APPICON_NAME = AppIcon;
				CODE_SIGN_STYLE = Automatic;
				DEVELOPMENT_TEAM = 2YJRRFA38M;
				INFOPLIST_FILE = test/Info.plist;
				IPHONEOS_DEPLOYMENT_TARGET = 11.0;
				LD_RUNPATH_SEARCH_PATHS = "$(inherited) @executable_path/Frameworks";
				PRODUCT_BUNDLE_IDENTIFIER = net.winner.test;
				PRODUCT_NAME = "$(TARGET_NAME)";
				SWIFT_VERSION = 4.0;
				TARGETED_DEVICE_FAMILY = "1,2";
			};
			name = Debug;
		};
		C7CAFFCE1F8C1A5B0010165F /* Release */ = {
			isa = XCBuildConfiguration;
			baseConfigurationReference = 6198E43977ECEFCC3FD63932 /* Pods-test.release.xcconfig */;
			buildSettings = {
				ASSETCATALOG_COMPILER_APPICON_NAME = AppIcon;
				CODE_SIGN_STYLE = Automatic;
				DEVELOPMENT_TEAM = 2YJRRFA38M;
				INFOPLIST_FILE = test/Info.plist;
				IPHONEOS_DEPLOYMENT_TARGET = 11.0;
				LD_RUNPATH_SEARCH_PATHS = "$(inherited) @executable_path/Frameworks";
				PRODUCT_BUNDLE_IDENTIFIER = net.winner.test;
				PRODUCT_NAME = "$(TARGET_NAME)";
				SWIFT_VERSION = 4.0;
				TARGETED_DEVICE_FAMILY = "1,2";
			};
			name = Release;
		};
/* End XCBuildConfiguration section */

/* Begin XCConfigurationList section */
		C7CAFFB51F8C1A5B0010165F /* Build configuration list for PBXProject "test" */ = {
			isa = XCConfigurationList;
			buildConfigurations = (
				C7CAFFCA1F8C1A5B0010165F /* Debug */,
				C7CAFFCB1F8C1A5B0010165F /* Release */,
			);
			defaultConfigurationIsVisible = 0;
			defaultConfigurationName = Release;
		};
		C7CAFFCC1F8C1A5B0010165F /* Build configuration list for PBXNativeTarget "test" */ = {
			isa = XCConfigurationList;
			buildConfigurations = (
				C7CAFFCD1F8C1A5B0010165F /* Debug */,
				C7CAFFCE1F8C1A5B0010165F /* Release */,
			);
			defaultConfigurationIsVisible = 0;
			defaultConfigurationName = Release;
		};
/* End XCConfigurationList section */
	};
	rootObject = C7CAFFB21F8C1A5B0010165F /* Project object */;
}
